
Microsoft Visual Studio Solution File, Format Version 12.00
# Visual Studio Version 17
VisualStudioVersion = 17.10.35013.160
MinimumVisualStudioVersion = 10.0.40219.1
Project("{FAE04EC0-301F-11D3-BF4B-00C04F79EFBC}") = "CsirtParser.WPF", "CsirtParser.WPF.csproj", "{F401C42B-05B1-446A-9B4C-06F89C821747}"
EndProject
Global
	GlobalSection(SolutionConfigurationPlatforms) = preSolution
		Debug|Any CPU = Debug|Any CPU
		Release|Any CPU = Release|Any CPU
	EndGlobalSection
	GlobalSection(ProjectConfigurationPlatforms) = postSolution
		{F401C42B-05B1-446A-9B4C-06F89C821747}.Debug|Any CPU.ActiveCfg = Debug|Any CPU
		{F401C42B-05B1-446A-9B4C-06F89C821747}.Debug|Any CPU.Build.0 = Debug|Any CPU
		{F401C42B-05B1-446A-9B4C-06F89C821747}.Release|Any CPU.ActiveCfg = Release|Any CPU
		{F401C42B-05B1-446A-9B4C-06F89C821747}.Release|Any CPU.Build.0 = Release|Any CPU
	EndGlobalSection
	GlobalSection(SolutionProperties) = preSolution
		HideSolutionNode = FALSE
	EndGlobalSection
	GlobalSection(ExtensibilityGlobals) = postSolution
		SolutionGuid = {9A6012F1-1F7B-4E54-9484-F1D7B416352C}
	EndGlobalSection
EndGlobal
